
Microsoft Visual Studio Solution File, Format Version 12.00
# Visual Studio Version 17
VisualStudioVersion = 17.13.35931.197 d17.13
MinimumVisualStudioVersion = 10.0.40219.1
Project("{FAE04EC0-301F-11D3-BF4B-00C04F79EFBC}") = "TP2", "TP2.csproj", "{906BD4B6-7C8F-400A-917E-495D075979F1}"
EndProject
Global
	GlobalSection(SolutionConfigurationPlatforms) = preSolution
		Debug|Any CPU = Debug|Any CPU
		Release|Any CPU = Release|Any CPU
	EndGlobalSection
	GlobalSection(ProjectConfigurationPlatforms) = postSolution
		{906BD4B6-7C8F-400A-917E-495D075979F1}.Debug|Any CPU.ActiveCfg = Debug|Any CPU
		{906BD4B6-7C8F-400A-917E-495D075979F1}.Debug|Any CPU.Build.0 = Debug|Any CPU
		{906BD4B6-7C8F-400A-917E-495D075979F1}.Release|Any CPU.ActiveCfg = Release|Any CPU
		{906BD4B6-7C8F-400A-917E-495D075979F1}.Release|Any CPU.Build.0 = Release|Any CPU
	EndGlobalSection
	GlobalSection(SolutionProperties) = preSolution
		HideSolutionNode = FALSE
	EndGlobalSection
	GlobalSection(ExtensibilityGlobals) = postSolution
		SolutionGuid = {3C862040-51DF-4699-BACE-DF74063993E7}
	EndGlobalSection
EndGlobal
